// !$*UTF8*$!
{
	archiveVersion = 1;
	classes = {
	};
	objectVersion = 48;
	objects = {

/* Begin PBXBuildFile section */
		1360B3B82057400C0006002E /* AppDelegate.m in Sources */ = {isa = PBXBuildFile; fileRef = 1360B3B72057400C0006002E /* AppDelegate.m */; };
		1360B3BB2057400C0006002E /* ViewController.m in Sources */ = {isa = PBXBuildFile; fileRef = 1360B3BA2057400C0006002E /* ViewController.m */; };
		1360B3BE2057400C0006002E /* Main.storyboard in Resources */ = {isa = PBXBuildFile; fileRef = 1360B3BC2057400C0006002E /* Main.storyboard */; };
		1360B3C02057400C0006002E /* Assets.xcassets in Resources */ = {isa = PBXBuildFile; fileRef = 1360B3BF2057400C0006002E /* Assets.xcassets */; };
		1360B3C32057400C0006002E /* LaunchScreen.storyboard in Resources */ = {isa = PBXBuildFile; fileRef = 1360B3C12057400C0006002E /* LaunchScreen.storyboard */; };
		1360B3C62057400C0006002E /* main.m in Sources */ = {isa = PBXBuildFile; fileRef = 1360B3C52057400C0006002E /* main.m */; };
		1360B3D02057400C0006002E /* RiddleTests.m in Sources */ = {isa = PBXBuildFile; fileRef = 1360B3CF2057400C0006002E /* RiddleTests.m */; };
		1361BCAF20580819006FCDA4 /* ZHSetView.m in Sources */ = {isa = PBXBuildFile; fileRef = 1361BCAE20580819006FCDA4 /* ZHSetView.m */; };
		1361BCB120580832006FCDA4 /* ZHSetView.xib in Resources */ = {isa = PBXBuildFile; fileRef = 1361BCB020580832006FCDA4 /* ZHSetView.xib */; };
		36CB0E5146365ED0F19CA6A9 /* libPods-RiddleTests.a in Frameworks */ = {isa = PBXBuildFile; fileRef = F4D7B69010EF4A856CFA2538 /* libPods-RiddleTests.a */; };
		466779B220576E640050852F /* button.mp3 in Resources */ = {isa = PBXBuildFile; fileRef = 466779AE20576E630050852F /* button.mp3 */; };
		466779B320576E640050852F /* roll.mp3 in Resources */ = {isa = PBXBuildFile; fileRef = 466779AF20576E640050852F /* roll.mp3 */; };
		466779B420576E640050852F /* diceClick.mp3 in Resources */ = {isa = PBXBuildFile; fileRef = 466779B020576E640050852F /* diceClick.mp3 */; };
		466779B520576E640050852F /* shake.mp3 in Resources */ = {isa = PBXBuildFile; fileRef = 466779B120576E640050852F /* shake.mp3 */; };
		468DE77C2057AEF8008AC8AB /* AudioToolbox.framework in Frameworks */ = {isa = PBXBuildFile; fileRef = 468DE77B2057AEF8008AC8AB /* AudioToolbox.framework */; };
		46D172762058D40E0063183D /* DataHelper.m in Sources */ = {isa = PBXBuildFile; fileRef = 46D172752058D40E0063183D /* DataHelper.m */; };
		7E9A28C02E7190DA1652B44A /* libPods-Riddle.a in Frameworks */ = {isa = PBXBuildFile; fileRef = CD8FE0A052CCA13E6FBFED70 /* libPods-Riddle.a */; };
/* End PBXBuildFile section */

/* Begin PBXContainerItemProxy section */
		1360B3CC2057400C0006002E /* PBXContainerItemProxy */ = {
			isa = PBXContainerItemProxy;
			containerPortal = 1360B3AB2057400C0006002E /* Project object */;
			proxyType = 1;
			remoteGlobalIDString = 1360B3B22057400C0006002E;
			remoteInfo = Riddle;
		};
/* End PBXContainerItemProxy section */

/* Begin PBXFileReference section */
		1360B3B32057400C0006002E /* Riddle.app */ = {isa = PBXFileReference; explicitFileType = wrapper.application; includeInIndex = 0; path = Riddle.app; sourceTree = BUILT_PRODUCTS_DIR; };
		1360B3B62057400C0006002E /* AppDelegate.h */ = {isa = PBXFileReference; lastKnownFileType = sourcecode.c.h; path = AppDelegate.h; sourceTree = "<group>"; };
		1360B3B72057400C0006002E /* AppDelegate.m */ = {isa = PBXFileReference; lastKnownFileType = sourcecode.c.objc; path = AppDelegate.m; sourceTree = "<group>"; };
		1360B3B92057400C0006002E /* ViewController.h */ = {isa = PBXFileReference; lastKnownFileType = sourcecode.c.h; path = ViewController.h; sourceTree = "<group>"; };
		1360B3BA2057400C0006002E /* ViewController.m */ = {isa = PBXFileReference; lastKnownFileType = sourcecode.c.objc; path = ViewController.m; sourceTree = "<group>"; };
		1360B3BD2057400C0006002E /* Base */ = {isa = PBXFileReference; lastKnownFileType = file.storyboard; name = Base; path = Base.lproj/Main.storyboard; sourceTree = "<group>"; };
		1360B3BF2057400C0006002E /* Assets.xcassets */ = {isa = PBXFileReference; lastKnownFileType = folder.assetcatalog; path = Assets.xcassets; sourceTree = "<group>"; };
		1360B3C22057400C0006002E /* Base */ = {isa = PBXFileReference; lastKnownFileType = file.storyboard; name = Base; path = Base.lproj/LaunchScreen.storyboard; sourceTree = "<group>"; };
		1360B3C42057400C0006002E /* Info.plist */ = {isa = PBXFileReference; lastKnownFileType = text.plist.xml; path = Info.plist; sourceTree = "<group>"; };
		1360B3C52057400C0006002E /* main.m */ = {isa = PBXFileReference; lastKnownFileType = sourcecode.c.objc; path = main.m; sourceTree = "<group>"; };
		1360B3CB2057400C0006002E /* RiddleTests.xctest */ = {isa = PBXFileReference; explicitFileType = wrapper.cfbundle; includeInIndex = 0; path = RiddleTests.xctest; sourceTree = BUILT_PRODUCTS_DIR; };
		1360B3CF2057400C0006002E /* RiddleTests.m */ = {isa = PBXFileReference; lastKnownFileType = sourcecode.c.objc; path = RiddleTests.m; sourceTree = "<group>"; };
		1360B3D12057400C0006002E /* Info.plist */ = {isa = PBXFileReference; lastKnownFileType = text.plist.xml; path = Info.plist; sourceTree = "<group>"; };
		1361BCAD20580819006FCDA4 /* ZHSetView.h */ = {isa = PBXFileReference; lastKnownFileType = sourcecode.c.h; path = ZHSetView.h; sourceTree = "<group>"; };
		1361BCAE20580819006FCDA4 /* ZHSetView.m */ = {isa = PBXFileReference; lastKnownFileType = sourcecode.c.objc; path = ZHSetView.m; sourceTree = "<group>"; };
		1361BCB020580832006FCDA4 /* ZHSetView.xib */ = {isa = PBXFileReference; lastKnownFileType = file.xib; path = ZHSetView.xib; sourceTree = "<group>"; };
		1E2457F62015DA412CE90A87 /* Pods-Riddle.debug.xcconfig */ = {isa = PBXFileReference; includeInIndex = 1; lastKnownFileType = text.xcconfig; name = "Pods-Riddle.debug.xcconfig"; path = "Pods/Target Support Files/Pods-Riddle/Pods-Riddle.debug.xcconfig"; sourceTree = "<group>"; };
		466779AE20576E630050852F /* button.mp3 */ = {isa = PBXFileReference; lastKnownFileType = audio.mp3; path = button.mp3; sourceTree = "<group>"; };
		466779AF20576E640050852F /* roll.mp3 */ = {isa = PBXFileReference; lastKnownFileType = audio.mp3; path = roll.mp3; sourceTree = "<group>"; };
		466779B020576E640050852F /* diceClick.mp3 */ = {isa = PBXFileReference; lastKnownFileType = audio.mp3; path = diceClick.mp3; sourceTree = "<group>"; };
		466779B120576E640050852F /* shake.mp3 */ = {isa = PBXFileReference; lastKnownFileType = audio.mp3; path = shake.mp3; sourceTree = "<group>"; };
		468DE77B2057AEF8008AC8AB /* AudioToolbox.framework */ = {isa = PBXFileReference; lastKnownFileType = wrapper.framework; name = AudioToolbox.framework; path = System/Library/Frameworks/AudioToolbox.framework; sourceTree = SDKROOT; };
		46D172742058D40E0063183D /* DataHelper.h */ = {isa = PBXFileReference; lastKnownFileType = sourcecode.c.h; path = DataHelper.h; sourceTree = "<group>"; };
		46D172752058D40E0063183D /* DataHelper.m */ = {isa = PBXFileReference; lastKnownFileType = sourcecode.c.objc; path = DataHelper.m; sourceTree = "<group>"; };
		823EB8CD1A8D57DE8D995FBD /* Pods-RiddleTests.release.xcconfig */ = {isa = PBXFileReference; includeInIndex = 1; lastKnownFileType = text.xcconfig; name = "Pods-RiddleTests.release.xcconfig"; path = "Pods/Target Support Files/Pods-RiddleTests/Pods-RiddleTests.release.xcconfig"; sourceTree = "<group>"; };
		C124D2EC5428798D47215039 /* Pods-Riddle.release.xcconfig */ = {isa = PBXFileReference; includeInIndex = 1; lastKnownFileType = text.xcconfig; name = "Pods-Riddle.release.xcconfig"; path = "Pods/Target Support Files/Pods-Riddle/Pods-Riddle.release.xcconfig"; sourceTree = "<group>"; };
		CD8FE0A052CCA13E6FBFED70 /* libPods-Riddle.a */ = {isa = PBXFileReference; explicitFileType = archive.ar; includeInIndex = 0; path = "libPods-Riddle.a"; sourceTree = BUILT_PRODUCTS_DIR; };
		F4D7B69010EF4A856CFA2538 /* libPods-RiddleTests.a */ = {isa = PBXFileReference; explicitFileType = archive.ar; includeInIndex = 0; path = "libPods-RiddleTests.a"; sourceTree = BUILT_PRODUCTS_DIR; };
		F6F39C635EABDF31DE7FAE0B /* Pods-RiddleTests.debug.xcconfig */ = {isa = PBXFileReference; includeInIndex = 1; lastKnownFileType = text.xcconfig; name = "Pods-RiddleTests.debug.xcconfig"; path = "Pods/Target Support Files/Pods-RiddleTests/Pods-RiddleTests.debug.xcconfig"; sourceTree = "<group>"; };
/* End PBXFileReference section */

/* Begin PBXFrameworksBuildPhase section */
		1360B3B02057400C0006002E /* Frameworks */ = {
			isa = PBXFrameworksBuildPhase;
			buildActionMask = 2147483647;
			files = (
				468DE77C2057AEF8008AC8AB /* AudioToolbox.framework in Frameworks */,
				7E9A28C02E7190DA1652B44A /* libPods-Riddle.a in Frameworks */,
			);
			runOnlyForDeploymentPostprocessing = 0;
		};
		1360B3C82057400C0006002E /* Frameworks */ = {
			isa = PBXFrameworksBuildPhase;
			buildActionMask = 2147483647;
			files = (
				36CB0E5146365ED0F19CA6A9 /* libPods-RiddleTests.a in Frameworks */,
			);
			runOnlyForDeploymentPostprocessing = 0;
		};
/* End PBXFrameworksBuildPhase section */

/* Begin PBXGroup section */
		06A1DE193DF35A525A30FBF1 /* Pods */ = {
			isa = PBXGroup;
			children = (
				1E2457F62015DA412CE90A87 /* Pods-Riddle.debug.xcconfig */,
				C124D2EC5428798D47215039 /* Pods-Riddle.release.xcconfig */,
				F6F39C635EABDF31DE7FAE0B /* Pods-RiddleTests.debug.xcconfig */,
				823EB8CD1A8D57DE8D995FBD /* Pods-RiddleTests.release.xcconfig */,
			);
			name = Pods;
			sourceTree = "<group>";
		};
		0774A61002A6067DB1B9C132 /* Frameworks */ = {
			isa = PBXGroup;
			children = (
				468DE77B2057AEF8008AC8AB /* AudioToolbox.framework */,
				CD8FE0A052CCA13E6FBFED70 /* libPods-Riddle.a */,
				F4D7B69010EF4A856CFA2538 /* libPods-RiddleTests.a */,
			);
			name = Frameworks;
			sourceTree = "<group>";
		};
		1360B3AA2057400C0006002E = {
			isa = PBXGroup;
			children = (
				1360B3B52057400C0006002E /* Riddle */,
				1360B3CE2057400C0006002E /* RiddleTests */,
				1360B3B42057400C0006002E /* Products */,
				06A1DE193DF35A525A30FBF1 /* Pods */,
				0774A61002A6067DB1B9C132 /* Frameworks */,
			);
			sourceTree = "<group>";
		};
		1360B3B42057400C0006002E /* Products */ = {
			isa = PBXGroup;
			children = (
				1360B3B32057400C0006002E /* Riddle.app */,
				1360B3CB2057400C0006002E /* RiddleTests.xctest */,
			);
			name = Products;
			sourceTree = "<group>";
		};
		1360B3B52057400C0006002E /* Riddle */ = {
			isa = PBXGroup;
			children = (
				466779B720576EE20050852F /* Supporting Files */,
				466779AB20576E1E0050852F /* Other */,
			);
			path = Riddle;
			sourceTree = "<group>";
		};
		1360B3CE2057400C0006002E /* RiddleTests */ = {
			isa = PBXGroup;
			children = (
				1360B3CF2057400C0006002E /* RiddleTests.m */,
				1360B3D12057400C0006002E /* Info.plist */,
			);
			path = RiddleTests;
			sourceTree = "<group>";
		};
		466779AB20576E1E0050852F /* Other */ = {
			isa = PBXGroup;
			children = (
				46D172732058D3E90063183D /* Tools */,
				466779AD20576E4D0050852F /* Resource */,
			);
			path = Other;
			sourceTree = "<group>";
		};
		466779AD20576E4D0050852F /* Resource */ = {
			isa = PBXGroup;
			children = (
				466779AE20576E630050852F /* button.mp3 */,
				466779B020576E640050852F /* diceClick.mp3 */,
				466779AF20576E640050852F /* roll.mp3 */,
				466779B120576E640050852F /* shake.mp3 */,
			);
			path = Resource;
			sourceTree = "<group>";
		};
		466779B720576EE20050852F /* Supporting Files */ = {
			isa = PBXGroup;
			children = (
				1360B3B62057400C0006002E /* AppDelegate.h */,
				1360B3B72057400C0006002E /* AppDelegate.m */,
				1360B3B92057400C0006002E /* ViewController.h */,
				1360B3BA2057400C0006002E /* ViewController.m */,
				1361BCAD20580819006FCDA4 /* ZHSetView.h */,
				1361BCAE20580819006FCDA4 /* ZHSetView.m */,
				1361BCB020580832006FCDA4 /* ZHSetView.xib */,
				1360B3BC2057400C0006002E /* Main.storyboard */,
				1360B3BF2057400C0006002E /* Assets.xcassets */,
				1360B3C12057400C0006002E /* LaunchScreen.storyboard */,
				1360B3C42057400C0006002E /* Info.plist */,
				1360B3C52057400C0006002E /* main.m */,
			);
			name = "Supporting Files";
			sourceTree = "<group>";
		};
		46D172732058D3E90063183D /* Tools */ = {
			isa = PBXGroup;
			children = (
				46D172742058D40E0063183D /* DataHelper.h */,
				46D172752058D40E0063183D /* DataHelper.m */,
			);
			path = Tools;
			sourceTree = "<group>";
		};
/* End PBXGroup section */

/* Begin PBXNativeTarget section */
		1360B3B22057400C0006002E /* Riddle */ = {
			isa = PBXNativeTarget;
			buildConfigurationList = 1360B3D42057400C0006002E /* Build configuration list for PBXNativeTarget "Riddle" */;
			buildPhases = (
				A17AD0D3B456619390E84BE5 /* [CP] Check Pods Manifest.lock */,
				1360B3AF2057400C0006002E /* Sources */,
				1360B3B02057400C0006002E /* Frameworks */,
				1360B3B12057400C0006002E /* Resources */,
				DA6DE8E7F50EBF1552C165E0 /* [CP] Embed Pods Frameworks */,
				0A1A5EB06D2273B997C651AB /* [CP] Copy Pods Resources */,
			);
			buildRules = (
			);
			dependencies = (
			);
			name = Riddle;
			productName = Riddle;
			productReference = 1360B3B32057400C0006002E /* Riddle.app */;
			productType = "com.apple.product-type.application";
		};
		1360B3CA2057400C0006002E /* RiddleTests */ = {
			isa = PBXNativeTarget;
			buildConfigurationList = 1360B3D72057400C0006002E /* Build configuration list for PBXNativeTarget "RiddleTests" */;
			buildPhases = (
				D2AD9128EF212A5C74F577D0 /* [CP] Check Pods Manifest.lock */,
				1360B3C72057400C0006002E /* Sources */,
				1360B3C82057400C0006002E /* Frameworks */,
				1360B3C92057400C0006002E /* Resources */,
				543586846854F2C63A54CC6C /* [CP] Embed Pods Frameworks */,
				A2B3E581E4A2FC581B4CA32D /* [CP] Copy Pods Resources */,
			);
			buildRules = (
			);
			dependencies = (
				1360B3CD2057400C0006002E /* PBXTargetDependency */,
			);
			name = RiddleTests;
			productName = RiddleTests;
			productReference = 1360B3CB2057400C0006002E /* RiddleTests.xctest */;
			productType = "com.apple.product-type.bundle.unit-test";
		};
/* End PBXNativeTarget section */

/* Begin PBXProject section */
		1360B3AB2057400C0006002E /* Project object */ = {
			isa = PBXProject;
			attributes = {
				LastUpgradeCheck = 0910;
				ORGANIZATIONNAME = "小飞鸟";
				TargetAttributes = {
					1360B3B22057400C0006002E = {
						CreatedOnToolsVersion = 9.1;
						ProvisioningStyle = Automatic;
					};
					1360B3CA2057400C0006002E = {
						CreatedOnToolsVersion = 9.1;
						ProvisioningStyle = Automatic;
						TestTargetID = 1360B3B22057400C0006002E;
					};
				};
			};
			buildConfigurationList = 1360B3AE2057400C0006002E /* Build configuration list for PBXProject "Riddle" */;
			compatibilityVersion = "Xcode 8.0";
			developmentRegion = en;
			hasScannedForEncodings = 0;
			knownRegions = (
				en,
				Base,
			);
			mainGroup = 1360B3AA2057400C0006002E;
			productRefGroup = 1360B3B42057400C0006002E /* Products */;
			projectDirPath = "";
			projectRoot = "";
			targets = (
				1360B3B22057400C0006002E /* Riddle */,
				1360B3CA2057400C0006002E /* RiddleTests */,
			);
		};
/* End PBXProject section */

/* Begin PBXResourcesBuildPhase section */
		1360B3B12057400C0006002E /* Resources */ = {
			isa = PBXResourcesBuildPhase;
			buildActionMask = 2147483647;
			files = (
				466779B520576E640050852F /* shake.mp3 in Resources */,
				466779B420576E640050852F /* diceClick.mp3 in Resources */,
				466779B220576E640050852F /* button.mp3 in Resources */,
				466779B320576E640050852F /* roll.mp3 in Resources */,
				1360B3C32057400C0006002E /* LaunchScreen.storyboard in Resources */,
				1360B3C02057400C0006002E /* Assets.xcassets in Resources */,
				1360B3BE2057400C0006002E /* Main.storyboard in Resources */,
				1361BCB120580832006FCDA4 /* ZHSetView.xib in Resources */,
			);
			runOnlyForDeploymentPostprocessing = 0;
		};
		1360B3C92057400C0006002E /* Resources */ = {
			isa = PBXResourcesBuildPhase;
			buildActionMask = 2147483647;
			files = (
			);
			runOnlyForDeploymentPostprocessing = 0;
		};
/* End PBXResourcesBuildPhase section */

/* Begin PBXShellScriptBuildPhase section */
		0A1A5EB06D2273B997C651AB /* [CP] Copy Pods Resources */ = {
			isa = PBXShellScriptBuildPhase;
			buildActionMask = 2147483647;
			files = (
			);
			inputPaths = (
			);
			name = "[CP] Copy Pods Resources";
			outputPaths = (
			);
			runOnlyForDeploymentPostprocessing = 0;
			shellPath = /bin/sh;
			shellScript = "\"${SRCROOT}/Pods/Target Support Files/Pods-Riddle/Pods-Riddle-resources.sh\"\n";
			showEnvVarsInLog = 0;
		};
		543586846854F2C63A54CC6C /* [CP] Embed Pods Frameworks */ = {
			isa = PBXShellScriptBuildPhase;
			buildActionMask = 2147483647;
			files = (
			);
			inputPaths = (
			);
			name = "[CP] Embed Pods Frameworks";
			outputPaths = (
			);
			runOnlyForDeploymentPostprocessing = 0;
			shellPath = /bin/sh;
			shellScript = "\"${SRCROOT}/Pods/Target Support Files/Pods-RiddleTests/Pods-RiddleTests-frameworks.sh\"\n";
			showEnvVarsInLog = 0;
		};
		A17AD0D3B456619390E84BE5 /* [CP] Check Pods Manifest.lock */ = {
			isa = PBXShellScriptBuildPhase;
			buildActionMask = 2147483647;
			files = (
			);
			inputPaths = (
				"${PODS_PODFILE_DIR_PATH}/Podfile.lock",
				"${PODS_ROOT}/Manifest.lock",
			);
			name = "[CP] Check Pods Manifest.lock";
			outputPaths = (
				"$(DERIVED_FILE_DIR)/Pods-Riddle-checkManifestLockResult.txt",
			);
			runOnlyForDeploymentPostprocessing = 0;
			shellPath = /bin/sh;
			shellScript = "diff \"${PODS_PODFILE_DIR_PATH}/Podfile.lock\" \"${PODS_ROOT}/Manifest.lock\" > /dev/null\nif [ $? != 0 ] ; then\n    # print error to STDERR\n    echo \"error: The sandbox is not in sync with the Podfile.lock. Run 'pod install' or update your CocoaPods installation.\" >&2\n    exit 1\nfi\n# This output is used by Xcode 'outputs' to avoid re-running this script phase.\necho \"SUCCESS\" > \"${SCRIPT_OUTPUT_FILE_0}\"\n";
			showEnvVarsInLog = 0;
		};
		A2B3E581E4A2FC581B4CA32D /* [CP] Copy Pods Resources */ = {
			isa = PBXShellScriptBuildPhase;
			buildActionMask = 2147483647;
			files = (
			);
			inputPaths = (
			);
			name = "[CP] Copy Pods Resources";
			outputPaths = (
			);
			runOnlyForDeploymentPostprocessing = 0;
			shellPath = /bin/sh;
			shellScript = "\"${SRCROOT}/Pods/Target Support Files/Pods-RiddleTests/Pods-RiddleTests-resources.sh\"\n";
			showEnvVarsInLog = 0;
		};
		D2AD9128EF212A5C74F577D0 /* [CP] Check Pods Manifest.lock */ = {
			isa = PBXShellScriptBuildPhase;
			buildActionMask = 2147483647;
			files = (
			);
			inputPaths = (
				"${PODS_PODFILE_DIR_PATH}/Podfile.lock",
				"${PODS_ROOT}/Manifest.lock",
			);
			name = "[CP] Check Pods Manifest.lock";
			outputPaths = (
				"$(DERIVED_FILE_DIR)/Pods-RiddleTests-checkManifestLockResult.txt",
			);
			runOnlyForDeploymentPostprocessing = 0;
			shellPath = /bin/sh;
			shellScript = "diff \"${PODS_PODFILE_DIR_PATH}/Podfile.lock\" \"${PODS_ROOT}/Manifest.lock\" > /dev/null\nif [ $? != 0 ] ; then\n    # print error to STDERR\n    echo \"error: The sandbox is not in sync with the Podfile.lock. Run 'pod install' or update your CocoaPods installation.\" >&2\n    exit 1\nfi\n# This output is used by Xcode 'outputs' to avoid re-running this script phase.\necho \"SUCCESS\" > \"${SCRIPT_OUTPUT_FILE_0}\"\n";
			showEnvVarsInLog = 0;
		};
		DA6DE8E7F50EBF1552C165E0 /* [CP] Embed Pods Frameworks */ = {
			isa = PBXShellScriptBuildPhase;
			buildActionMask = 2147483647;
			files = (
			);
			inputPaths = (
			);
			name = "[CP] Embed Pods Frameworks";
			outputPaths = (
			);
			runOnlyForDeploymentPostprocessing = 0;
			shellPath = /bin/sh;
			shellScript = "\"${SRCROOT}/Pods/Target Support Files/Pods-Riddle/Pods-Riddle-frameworks.sh\"\n";
			showEnvVarsInLog = 0;
		};
/* End PBXShellScriptBuildPhase section */

/* Begin PBXSourcesBuildPhase section */
		1360B3AF2057400C0006002E /* Sources */ = {
			isa = PBXSourcesBuildPhase;
			buildActionMask = 2147483647;
			files = (
				46D172762058D40E0063183D /* DataHelper.m in Sources */,
				1360B3BB2057400C0006002E /* ViewController.m in Sources */,
				1360B3C62057400C0006002E /* main.m in Sources */,
				1360B3B82057400C0006002E /* AppDelegate.m in Sources */,
				1361BCAF20580819006FCDA4 /* ZHSetView.m in Sources */,
			);
			runOnlyForDeploymentPostprocessing = 0;
		};
		1360B3C72057400C0006002E /* Sources */ = {
			isa = PBXSourcesBuildPhase;
			buildActionMask = 2147483647;
			files = (
				1360B3D02057400C0006002E /* RiddleTests.m in Sources */,
			);
			runOnlyForDeploymentPostprocessing = 0;
		};
/* End PBXSourcesBuildPhase section */

/* Begin PBXTargetDependency section */
		1360B3CD2057400C0006002E /* PBXTargetDependency */ = {
			isa = PBXTargetDependency;
			target = 1360B3B22057400C0006002E /* Riddle */;
			targetProxy = 1360B3CC2057400C0006002E /* PBXContainerItemProxy */;
		};
/* End PBXTargetDependency section */

/* Begin PBXVariantGroup section */
		1360B3BC2057400C0006002E /* Main.storyboard */ = {
			isa = PBXVariantGroup;
			children = (
				1360B3BD2057400C0006002E /* Base */,
			);
			name = Main.storyboard;
			sourceTree = "<group>";
		};
		1360B3C12057400C0006002E /* LaunchScreen.storyboard */ = {
			isa = PBXVariantGroup;
			children = (
				1360B3C22057400C0006002E /* Base */,
			);
			name = LaunchScreen.storyboard;
			sourceTree = "<group>";
		};
/* End PBXVariantGroup section */

/* Begin XCBuildConfiguration section */
		1360B3D22057400C0006002E /* Debug */ = {
			isa = XCBuildConfiguration;
			buildSettings = {
				ALWAYS_SEARCH_USER_PATHS = NO;
				CLANG_ANALYZER_NONNULL = YES;
				CLANG_ANALYZER_NUMBER_OBJECT_CONVERSION = YES_AGGRESSIVE;
				CLANG_CXX_LANGUAGE_STANDARD = "gnu++14";
				CLANG_CXX_LIBRARY = "libc++";
				CLANG_ENABLE_MODULES = YES;
				CLANG_ENABLE_OBJC_ARC = YES;
				CLANG_WARN_BLOCK_CAPTURE_AUTORELEASING = YES;
				CLANG_WARN_BOOL_CONVERSION = YES;
				CLANG_WARN_COMMA = YES;
				CLANG_WARN_CONSTANT_CONVERSION = YES;
				CLANG_WARN_DIRECT_OBJC_ISA_USAGE = YES_ERROR;
				CLANG_WARN_DOCUMENTATION_COMMENTS = YES;
				CLANG_WARN_EMPTY_BODY = YES;
				CLANG_WARN_ENUM_CONVERSION = YES;
				CLANG_WARN_INFINITE_RECURSION = YES;
				CLANG_WARN_INT_CONVERSION = YES;
				CLANG_WARN_NON_LITERAL_NULL_CONVERSION = YES;
				CLANG_WARN_OBJC_LITERAL_CONVERSION = YES;
				CLANG_WARN_OBJC_ROOT_CLASS = YES_ERROR;
				CLANG_WARN_RANGE_LOOP_ANALYSIS = YES;
				CLANG_WARN_STRICT_PROTOTYPES = YES;
				CLANG_WARN_SUSPICIOUS_MOVE = YES;
				CLANG_WARN_UNGUARDED_AVAILABILITY = YES_AGGRESSIVE;
				CLANG_WARN_UNREACHABLE_CODE = YES;
				CLANG_WARN__DUPLICATE_METHOD_MATCH = YES;
				CODE_SIGN_IDENTITY = "iPhone Developer";
				COPY_PHASE_STRIP = NO;
				DEBUG_INFORMATION_FORMAT = dwarf;
				ENABLE_STRICT_OBJC_MSGSEND = YES;
				ENABLE_TESTABILITY = YES;
				GCC_C_LANGUAGE_STANDARD = gnu11;
				GCC_DYNAMIC_NO_PIC = NO;
				GCC_NO_COMMON_BLOCKS = YES;
				GCC_OPTIMIZATION_LEVEL = 0;
				GCC_PREPROCESSOR_DEFINITIONS = (
					"DEBUG=1",
					"$(inherited)",
				);
				GCC_WARN_64_TO_32_BIT_CONVERSION = YES;
				GCC_WARN_ABOUT_RETURN_TYPE = YES_ERROR;
				GCC_WARN_UNDECLARED_SELECTOR = YES;
				GCC_WARN_UNINITIALIZED_AUTOS = YES_AGGRESSIVE;
				GCC_WARN_UNUSED_FUNCTION = YES;
				GCC_WARN_UNUSED_VARIABLE = YES;
				IPHONEOS_DEPLOYMENT_TARGET = 11.1;
				MTL_ENABLE_DEBUG_INFO = YES;
				ONLY_ACTIVE_ARCH = YES;
				SDKROOT = iphoneos;
			};
			name = Debug;
		};
		1360B3D32057400C0006002E /* Release */ = {
			isa = XCBuildConfiguration;
			buildSettings = {
				ALWAYS_SEARCH_USER_PATHS = NO;
				CLANG_ANALYZER_NONNULL = YES;
				CLANG_ANALYZER_NUMBER_OBJECT_CONVERSION = YES_AGGRESSIVE;
				CLANG_CXX_LANGUAGE_STANDARD = "gnu++14";
				CLANG_CXX_LIBRARY = "libc++";
				CLANG_ENABLE_MODULES = YES;
				CLANG_ENABLE_OBJC_ARC = YES;
				CLANG_WARN_BLOCK_CAPTURE_AUTORELEASING = YES;
				CLANG_WARN_BOOL_CONVERSION = YES;
				CLANG_WARN_COMMA = YES;
				CLANG_WARN_CONSTANT_CONVERSION = YES;
				CLANG_WARN_DIRECT_OBJC_ISA_USAGE = YES_ERROR;
				CLANG_WARN_DOCUMENTATION_COMMENTS = YES;
				CLANG_WARN_EMPTY_BODY = YES;
				CLANG_WARN_ENUM_CONVERSION = YES;
				CLANG_WARN_INFINITE_RECURSION = YES;
				CLANG_WARN_INT_CONVERSION = YES;
				CLANG_WARN_NON_LITERAL_NULL_CONVERSION = YES;
				CLANG_WARN_OBJC_LITERAL_CONVERSION = YES;
				CLANG_WARN_OBJC_ROOT_CLASS = YES_ERROR;
				CLANG_WARN_RANGE_LOOP_ANALYSIS = YES;
				CLANG_WARN_STRICT_PROTOTYPES = YES;
				CLANG_WARN_SUSPICIOUS_MOVE = YES;
				CLANG_WARN_UNGUARDED_AVAILABILITY = YES_AGGRESSIVE;
				CLANG_WARN_UNREACHABLE_CODE = YES;
				CLANG_WARN__DUPLICATE_METHOD_MATCH = YES;
				CODE_SIGN_IDENTITY = "iPhone Developer";
				COPY_PHASE_STRIP = NO;
				DEBUG_INFORMATION_FORMAT = "dwarf-with-dsym";
				ENABLE_NS_ASSERTIONS = NO;
				ENABLE_STRICT_OBJC_MSGSEND = YES;
				GCC_C_LANGUAGE_STANDARD = gnu11;
				GCC_NO_COMMON_BLOCKS = YES;
				GCC_WARN_64_TO_32_BIT_CONVERSION = YES;
				GCC_WARN_ABOUT_RETURN_TYPE = YES_ERROR;
				GCC_WARN_UNDECLARED_SELECTOR = YES;
				GCC_WARN_UNINITIALIZED_AUTOS = YES_AGGRESSIVE;
				GCC_WARN_UNUSED_FUNCTION = YES;
				GCC_WARN_UNUSED_VARIABLE = YES;
				IPHONEOS_DEPLOYMENT_TARGET = 11.1;
				MTL_ENABLE_DEBUG_INFO = NO;
				SDKROOT = iphoneos;
				VALIDATE_PRODUCT = YES;
			};
			name = Release;
		};
		1360B3D52057400C0006002E /* Debug */ = {
			isa = XCBuildConfiguration;
			baseConfigurationReference = 1E2457F62015DA412CE90A87 /* Pods-Riddle.debug.xcconfig */;
			buildSettings = {
				ASSETCATALOG_COMPILER_APPICON_NAME = AppIcon;
				CODE_SIGN_STYLE = Automatic;
				DEVELOPMENT_TEAM = JJKQ5L53DX;
				INFOPLIST_FILE = Riddle/Info.plist;
				IPHONEOS_DEPLOYMENT_TARGET = 9.0;
				LD_RUNPATH_SEARCH_PATHS = "$(inherited) @executable_path/Frameworks";
				PRODUCT_BUNDLE_IDENTIFIER = com.zhph.user.Riddle;
				PRODUCT_NAME = "$(TARGET_NAME)";
				TARGETED_DEVICE_FAMILY = "1,2";
			};
			name = Debug;
		};
		1360B3D62057400C0006002E /* Release */ = {
			isa = XCBuildConfiguration;
			baseConfigurationReference = C124D2EC5428798D47215039 /* Pods-Riddle.release.xcconfig */;
			buildSettings = {
				ASSETCATALOG_COMPILER_APPICON_NAME = AppIcon;
				CODE_SIGN_STYLE = Automatic;
				DEVELOPMENT_TEAM = JJKQ5L53DX;
				INFOPLIST_FILE = Riddle/Info.plist;
				IPHONEOS_DEPLOYMENT_TARGET = 9.0;
				LD_RUNPATH_SEARCH_PATHS = "$(inherited) @executable_path/Frameworks";
				PRODUCT_BUNDLE_IDENTIFIER = com.zhph.user.Riddle;
				PRODUCT_NAME = "$(TARGET_NAME)";
				TARGETED_DEVICE_FAMILY = "1,2";
			};
			name = Release;
		};
		1360B3D82057400C0006002E /* Debug */ = {
			isa = XCBuildConfiguration;
			baseConfigurationReference = F6F39C635EABDF31DE7FAE0B /* Pods-RiddleTests.debug.xcconfig */;
			buildSettings = {
				BUNDLE_LOADER = "$(TEST_HOST)";
				CODE_SIGN_STYLE = Automatic;
				INFOPLIST_FILE = RiddleTests/Info.plist;
				LD_RUNPATH_SEARCH_PATHS = "$(inherited) @executable_path/Frameworks @loader_path/Frameworks";
				PRODUCT_BUNDLE_IDENTIFIER = com.zhph.user.RiddleTests;
				PRODUCT_NAME = "$(TARGET_NAME)";
				TARGETED_DEVICE_FAMILY = "1,2";
				TEST_HOST = "$(BUILT_PRODUCTS_DIR)/Riddle.app/Riddle";
			};
			name = Debug;
		};
		1360B3D92057400C0006002E /* Release */ = {
			isa = XCBuildConfiguration;
			baseConfigurationReference = 823EB8CD1A8D57DE8D995FBD /* Pods-RiddleTests.release.xcconfig */;
			buildSettings = {
				BUNDLE_LOADER = "$(TEST_HOST)";
				CODE_SIGN_STYLE = Automatic;
				INFOPLIST_FILE = RiddleTests/Info.plist;
				LD_RUNPATH_SEARCH_PATHS = "$(inherited) @executable_path/Frameworks @loader_path/Frameworks";
				PRODUCT_BUNDLE_IDENTIFIER = com.zhph.user.RiddleTests;
				PRODUCT_NAME = "$(TARGET_NAME)";
				TARGETED_DEVICE_FAMILY = "1,2";
				TEST_HOST = "$(BUILT_PRODUCTS_DIR)/Riddle.app/Riddle";
			};
			name = Release;
		};
/* End XCBuildConfiguration section */

/* Begin XCConfigurationList section */
		1360B3AE2057400C0006002E /* Build configuration list for PBXProject "Riddle" */ = {
			isa = XCConfigurationList;
			buildConfigurations = (
				1360B3D22057400C0006002E /* Debug */,
				1360B3D32057400C0006002E /* Release */,
			);
			defaultConfigurationIsVisible = 0;
			defaultConfigurationName = Release;
		};
		1360B3D42057400C0006002E /* Build configuration list for PBXNativeTarget "Riddle" */ = {
			isa = XCConfigurationList;
			buildConfigurations = (
				1360B3D52057400C0006002E /* Debug */,
				1360B3D62057400C0006002E /* Release */,
			);
			defaultConfigurationIsVisible = 0;
			defaultConfigurationName = Release;
		};
		1360B3D72057400C0006002E /* Build configuration list for PBXNativeTarget "RiddleTests" */ = {
			isa = XCConfigurationList;
			buildConfigurations = (
				1360B3D82057400C0006002E /* Debug */,
				1360B3D92057400C0006002E /* Release */,
			);
			defaultConfigurationIsVisible = 0;
			defaultConfigurationName = Release;
		};
/* End XCConfigurationList section */
	};
	rootObject = 1360B3AB2057400C0006002E /* Project object */;
}
